
Microsoft Visual Studio Solution File, Format Version 12.00
# Visual Studio Version 17
VisualStudioVersion = 17.5.33530.505
MinimumVisualStudioVersion = 10.0.40219.1
Project("{FAE04EC0-301F-11D3-BF4B-00C04F79EFBC}") = "UpdateObfuscate", "UpdateObfuscate\UpdateObfuscate.csproj", "{B42D9E30-2614-4A6D-837F-853C5DCA5D4F}"
EndProject
Global
	GlobalSection(SolutionConfigurationPlatforms) = preSolution
		Debug|Any CPU = Debug|Any CPU
		Release|Any CPU = Release|Any CPU
	EndGlobalSection
	GlobalSection(ProjectConfigurationPlatforms) = postSolution
		{B42D9E30-2614-4A6D-837F-853C5DCA5D4F}.Debug|Any CPU.ActiveCfg = Debug|Any CPU
		{B42D9E30-2614-4A6D-837F-853C5DCA5D4F}.Debug|Any CPU.Build.0 = Debug|Any CPU
		{B42D9E30-2614-4A6D-837F-853C5DCA5D4F}.Release|Any CPU.ActiveCfg = Release|Any CPU
		{B42D9E30-2614-4A6D-837F-853C5DCA5D4F}.Release|Any CPU.Build.0 = Release|Any CPU
	EndGlobalSection
	GlobalSection(SolutionProperties) = preSolution
		HideSolutionNode = FALSE
	EndGlobalSection
	GlobalSection(ExtensibilityGlobals) = postSolution
		SolutionGuid = {6FD3792B-AB62-441C-BAD9-B31BB43D8831}
	EndGlobalSection
EndGlobal
